schema: '2.0'
stages:
  data_ingestion:
    cmd: python src/data_ingestion.py
    deps:
    - path: src/data_ingestion.py
      hash: md5
      md5: fd9b27d6b8f631acbe891e8f7d3fdd50
      size: 3947
    params:
      params.yaml:
        data_ingestion.test_size: 0.2
    outs:
    - path: data/raw
      hash: md5
      md5: 1a287d34dc172d9f950c03dae35f7e73.dir
      size: 484846
      nfiles: 2
  data_preprocessing:
    cmd: python src/data_preprocessing.py
    deps:
    - path: data/raw
      hash: md5
      md5: 1a287d34dc172d9f950c03dae35f7e73.dir
      size: 484846
      nfiles: 2
    - path: src/data_preprocessing.py
      hash: md5
      md5: ce2343a45609a245e0c144ac89aa44bf
      size: 3362
    outs:
    - path: data/interim
      hash: md5
      md5: 3c9d3fec6a01fa79776b1beef100232e.dir
      size: 260073
      nfiles: 2
  feature_engineering:
    cmd: python src/feature_engineering.py
    deps:
    - path: data/interim
      hash: md5
      md5: 3c9d3fec6a01fa79776b1beef100232e.dir
      size: 260073
      nfiles: 2
    - path: src/feature_engineering.py
      hash: md5
      md5: 9734513cb2d341545734a11ec19f64a8
      size: 4053
    params:
      params.yaml:
        feature_engineering.max_features: 55
    outs:
    - path: data/processed
      hash: md5
      md5: ee15f8c49a4bd9cb3e1fb075cc341981.dir
      size: 1293407
      nfiles: 2
  model_building:
    cmd: python src/model_building.py
    deps:
    - path: data/processed
      hash: md5
      md5: ee15f8c49a4bd9cb3e1fb075cc341981.dir
      size: 1293407
      nfiles: 2
    - path: src/model_building.py
      hash: md5
      md5: 7f23afcba4de49abd594fc1f38282c3e
      size: 4498
    params:
      params.yaml:
        model_building.n_estimators: 30
        model_building.random_state: 2
    outs:
    - path: models/model.pkl
      hash: md5
      md5: 577a2ca9b9ac9dc294e33ae90da6000a
      size: 1067255
  model_evaluation:
    cmd: python src/model_evaluation.py
    deps:
    - path: models/model.pkl
      hash: md5
      md5: 577a2ca9b9ac9dc294e33ae90da6000a
      size: 1067255
    - path: src/model_evaluation.py
      hash: md5
      md5: 080d9174a7fabfb8ae17151829297bfd
      size: 4690
    outs:
    - path: reports/metrics.json
      hash: md5
      md5: 95631c72087955f29ca6d973062393d3
      size: 131
