schema: '2.0'
stages:
  data_ingestion:
    cmd: python src/data_ingestion.py
    deps:
    - path: src/data_ingestion.py
      hash: md5
      md5: fd9b27d6b8f631acbe891e8f7d3fdd50
      size: 3947
    params:
      params.yaml:
        data_ingestion.test_size: 0.15
    outs:
    - path: data/raw
      hash: md5
      md5: a15ba66afdf82f8659b031b175286ed3.dir
      size: 484846
      nfiles: 2
  data_preprocessing:
    cmd: python src/data_preprocessing.py
    deps:
    - path: data/raw
      hash: md5
      md5: a15ba66afdf82f8659b031b175286ed3.dir
      size: 484846
      nfiles: 2
    - path: src/data_preprocessing.py
      hash: md5
      md5: ce2343a45609a245e0c144ac89aa44bf
      size: 3362
    outs:
    - path: data/interim
      hash: md5
      md5: 6a31b50cf885325b9554ff563bd447d1.dir
      size: 259164
      nfiles: 2
  feature_engineering:
    cmd: python src/feature_engineering.py
    deps:
    - path: data/interim
      hash: md5
      md5: 6a31b50cf885325b9554ff563bd447d1.dir
      size: 259164
      nfiles: 2
    - path: src/feature_engineering.py
      hash: md5
      md5: 9734513cb2d341545734a11ec19f64a8
      size: 4053
    params:
      params.yaml:
        feature_engineering.max_features: 35
    outs:
    - path: data/processed
      hash: md5
      md5: f1fa13ea237458f1aa0eeabd1c75436a.dir
      size: 832894
      nfiles: 2
  model_building:
    cmd: python src/model_building.py
    deps:
    - path: data/processed
      hash: md5
      md5: f1fa13ea237458f1aa0eeabd1c75436a.dir
      size: 832894
      nfiles: 2
    - path: src/model_building.py
      hash: md5
      md5: 7f23afcba4de49abd594fc1f38282c3e
      size: 4498
    params:
      params.yaml:
        model_building.n_estimators: 30
        model_building.random_state: 2
    outs:
    - path: models/model.pkl
      hash: md5
      md5: 71d051dba7f415ea359c5dfafe93408c
      size: 840855
  model_evaluation:
    cmd: python src/model_evaluation.py
    deps:
    - path: models/model.pkl
      hash: md5
      md5: 71d051dba7f415ea359c5dfafe93408c
      size: 840855
    - path: src/model_evaluation.py
      hash: md5
      md5: d4d51745dc497450faae3a6dfe4cd275
      size: 3621
    outs:
    - path: reports/metrics.json
      hash: md5
      md5: 9fe1343d900d9846875d8a32e5fa5f94
      size: 145
